
Microsoft Visual Studio Solution File, Format Version 12.00
Project("{FAE04EC0-301F-11D3-BF4B-00C04F79EFBC}") = "Company.FunctionApp1", "Company.FunctionApp1\Company.FunctionApp1.csproj", "{C71FAE30-1C3B-41BB-87A6-64EB3BB1AFF0}"
EndProject
Global
	GlobalSection(SolutionConfigurationPlatforms) = preSolution
		Debug|Any CPU = Debug|Any CPU
		Release|Any CPU = Release|Any CPU
	EndGlobalSection
	GlobalSection(ProjectConfigurationPlatforms) = postSolution
		{C71FAE30-1C3B-41BB-87A6-64EB3BB1AFF0}.Debug|Any CPU.ActiveCfg = Debug|Any CPU
		{C71FAE30-1C3B-41BB-87A6-64EB3BB1AFF0}.Debug|Any CPU.Build.0 = Debug|Any CPU
		{C71FAE30-1C3B-41BB-87A6-64EB3BB1AFF0}.Release|Any CPU.ActiveCfg = Release|Any CPU
		{C71FAE30-1C3B-41BB-87A6-64EB3BB1AFF0}.Release|Any CPU.Build.0 = Release|Any CPU
	EndGlobalSection
EndGlobal
